{
  "name": "uni-offline-push-playground",
  "version": "1.0.0",
  "lockfileVersion": 3,
  "requires": true,
  "packages": {
    "": {
      "name": "uni-offline-push-playground",
      "version": "1.0.0",
      "license": "ISC",
      "dependencies": {
        "nim-web-sdk-ng": "^10.9.30"
      }
    },
    "node_modules/nim-web-sdk-ng": {
      "version": "10.9.30",
      "resolved": "https://registry.npmjs.org/nim-web-sdk-ng/-/nim-web-sdk-ng-10.9.30.tgz",
      "integrity": "sha512-YoUuY9ah/vraQvQDEVjUe06sjBo2yhV60lSIfB6dfl3p5vNkBuuErYAo8rtCAB97i4wpqgaDqSrV2FiCyu3moA=="
    }
  }
}
