{
  "name": "uni-offline-push",
  "version": "1.0.0",
  "lockfileVersion": 2,
  "requires": true,
  "packages": {
    "": {
      "name": "uni-offline-push",
      "version": "1.0.0",
      "license": "ISC",
      "dependencies": {
        "nim-web-sdk-ng": "^0.17.0"
      }
    },
    "node_modules/nim-web-sdk-ng": {
      "version": "0.17.2",
      "resolved": "https://registry.npmjs.org/nim-web-sdk-ng/-/nim-web-sdk-ng-0.17.2.tgz",
      "integrity": "sha512-zZFlI+pk8UfxtLCYMSNCILhsyqI1UGdw75VShJ0AwX4jlqJJwOnqQM9lIvkouASK/Uh2Yrh7U4lYgBa7lBiGQA=="
    }
  },
  "dependencies": {
    "nim-web-sdk-ng": {
      "version": "0.17.2",
      "resolved": "https://registry.npmjs.org/nim-web-sdk-ng/-/nim-web-sdk-ng-0.17.2.tgz",
      "integrity": "sha512-zZFlI+pk8UfxtLCYMSNCILhsyqI1UGdw75VShJ0AwX4jlqJJwOnqQM9lIvkouASK/Uh2Yrh7U4lYgBa7lBiGQA=="
    }
  }
}
